// !$*UTF8*$!
{
	archiveVersion = 1;
	classes = {
	};
	objectVersion = 48;
	objects = {

/* Begin PBXBuildFile section */
		4230FF7C1FA56249008DF37F /* AppDelegate.m in Sources */ = {isa = PBXBuildFile; fileRef = 4230FF7B1FA56249008DF37F /* AppDelegate.m */; };
		4230FF811FA56249008DF37F /* Assets.xcassets in Resources */ = {isa = PBXBuildFile; fileRef = 4230FF801FA56249008DF37F /* Assets.xcassets */; };
		4230FF841FA56249008DF37F /* Main.storyboard in Resources */ = {isa = PBXBuildFile; fileRef = 4230FF821FA56249008DF37F /* Main.storyboard */; };
		4230FF871FA56249008DF37F /* main.m in Sources */ = {isa = PBXBuildFile; fileRef = 4230FF861FA56249008DF37F /* main.m */; };
		4230FF921FA56249008DF37F /* iCome_MacPrjTests.m in Sources */ = {isa = PBXBuildFile; fileRef = 4230FF911FA56249008DF37F /* iCome_MacPrjTests.m */; };
		4230FF9D1FA56249008DF37F /* iCome_MacPrjUITests.m in Sources */ = {isa = PBXBuildFile; fileRef = 4230FF9C1FA56249008DF37F /* iCome_MacPrjUITests.m */; };
		4230FFB01FA5651F008DF37F /* ICLogInViewController.m in Sources */ = {isa = PBXBuildFile; fileRef = 4230FFAF1FA5651F008DF37F /* ICLogInViewController.m */; };
		4230FFB31FA56582008DF37F /* ICWindowController.m in Sources */ = {isa = PBXBuildFile; fileRef = 4230FFB21FA56582008DF37F /* ICWindowController.m */; };
		4230FFB61FA565B1008DF37F /* ICMainViewController.m in Sources */ = {isa = PBXBuildFile; fileRef = 4230FFB51FA565B1008DF37F /* ICMainViewController.m */; };
		4230FFB91FA5F523008DF37F /* ICInputTextView.m in Sources */ = {isa = PBXBuildFile; fileRef = 4230FFB81FA5F523008DF37F /* ICInputTextView.m */; };
		CFB9E398039397CD0F647423 /* libPods-iCome_MacPrj.a in Frameworks */ = {isa = PBXBuildFile; fileRef = 236A58750EA3B37611B559DD /* libPods-iCome_MacPrj.a */; };
/* End PBXBuildFile section */

/* Begin PBXContainerItemProxy section */
		4230FF8E1FA56249008DF37F /* PBXContainerItemProxy */ = {
			isa = PBXContainerItemProxy;
			containerPortal = 4230FF6F1FA56249008DF37F /* Project object */;
			proxyType = 1;
			remoteGlobalIDString = 4230FF761FA56249008DF37F;
			remoteInfo = iCome_MacPrj;
		};
		4230FF991FA56249008DF37F /* PBXContainerItemProxy */ = {
			isa = PBXContainerItemProxy;
			containerPortal = 4230FF6F1FA56249008DF37F /* Project object */;
			proxyType = 1;
			remoteGlobalIDString = 4230FF761FA56249008DF37F;
			remoteInfo = iCome_MacPrj;
		};
/* End PBXContainerItemProxy section */

/* Begin PBXFileReference section */
		1B498F73E0AB2D7767E236B1 /* Pods-iCome_MacPrj.release.xcconfig */ = {isa = PBXFileReference; includeInIndex = 1; lastKnownFileType = text.xcconfig; name = "Pods-iCome_MacPrj.release.xcconfig"; path = "Pods/Target Support Files/Pods-iCome_MacPrj/Pods-iCome_MacPrj.release.xcconfig"; sourceTree = "<group>"; };
		236A58750EA3B37611B559DD /* libPods-iCome_MacPrj.a */ = {isa = PBXFileReference; explicitFileType = archive.ar; includeInIndex = 0; path = "libPods-iCome_MacPrj.a"; sourceTree = BUILT_PRODUCTS_DIR; };
		4230FF771FA56249008DF37F /* iCome_MacPrj.app */ = {isa = PBXFileReference; explicitFileType = wrapper.application; includeInIndex = 0; path = iCome_MacPrj.app; sourceTree = BUILT_PRODUCTS_DIR; };
		4230FF7A1FA56249008DF37F /* AppDelegate.h */ = {isa = PBXFileReference; lastKnownFileType = sourcecode.c.h; path = AppDelegate.h; sourceTree = "<group>"; };
		4230FF7B1FA56249008DF37F /* AppDelegate.m */ = {isa = PBXFileReference; lastKnownFileType = sourcecode.c.objc; path = AppDelegate.m; sourceTree = "<group>"; };
		4230FF801FA56249008DF37F /* Assets.xcassets */ = {isa = PBXFileReference; lastKnownFileType = folder.assetcatalog; path = Assets.xcassets; sourceTree = "<group>"; };
		4230FF831FA56249008DF37F /* Base */ = {isa = PBXFileReference; lastKnownFileType = file.storyboard; name = Base; path = Base.lproj/Main.storyboard; sourceTree = "<group>"; };
		4230FF851FA56249008DF37F /* Info.plist */ = {isa = PBXFileReference; lastKnownFileType = text.plist.xml; path = Info.plist; sourceTree = "<group>"; };
		4230FF861FA56249008DF37F /* main.m */ = {isa = PBXFileReference; lastKnownFileType = sourcecode.c.objc; path = main.m; sourceTree = "<group>"; };
		4230FF881FA56249008DF37F /* iCome_MacPrj.entitlements */ = {isa = PBXFileReference; lastKnownFileType = text.plist.entitlements; path = iCome_MacPrj.entitlements; sourceTree = "<group>"; };
		4230FF8D1FA56249008DF37F /* iCome_MacPrjTests.xctest */ = {isa = PBXFileReference; explicitFileType = wrapper.cfbundle; includeInIndex = 0; path = iCome_MacPrjTests.xctest; sourceTree = BUILT_PRODUCTS_DIR; };
		4230FF911FA56249008DF37F /* iCome_MacPrjTests.m */ = {isa = PBXFileReference; lastKnownFileType = sourcecode.c.objc; path = iCome_MacPrjTests.m; sourceTree = "<group>"; };
		4230FF931FA56249008DF37F /* Info.plist */ = {isa = PBXFileReference; lastKnownFileType = text.plist.xml; path = Info.plist; sourceTree = "<group>"; };
		4230FF981FA56249008DF37F /* iCome_MacPrjUITests.xctest */ = {isa = PBXFileReference; explicitFileType = wrapper.cfbundle; includeInIndex = 0; path = iCome_MacPrjUITests.xctest; sourceTree = BUILT_PRODUCTS_DIR; };
		4230FF9C1FA56249008DF37F /* iCome_MacPrjUITests.m */ = {isa = PBXFileReference; lastKnownFileType = sourcecode.c.objc; path = iCome_MacPrjUITests.m; sourceTree = "<group>"; };
		4230FF9E1FA56249008DF37F /* Info.plist */ = {isa = PBXFileReference; lastKnownFileType = text.plist.xml; path = Info.plist; sourceTree = "<group>"; };
		4230FFAE1FA5651F008DF37F /* ICLogInViewController.h */ = {isa = PBXFileReference; lastKnownFileType = sourcecode.c.h; path = ICLogInViewController.h; sourceTree = "<group>"; };
		4230FFAF1FA5651F008DF37F /* ICLogInViewController.m */ = {isa = PBXFileReference; lastKnownFileType = sourcecode.c.objc; path = ICLogInViewController.m; sourceTree = "<group>"; };
		4230FFB11FA56582008DF37F /* ICWindowController.h */ = {isa = PBXFileReference; lastKnownFileType = sourcecode.c.h; path = ICWindowController.h; sourceTree = "<group>"; };
		4230FFB21FA56582008DF37F /* ICWindowController.m */ = {isa = PBXFileReference; lastKnownFileType = sourcecode.c.objc; path = ICWindowController.m; sourceTree = "<group>"; };
		4230FFB41FA565B1008DF37F /* ICMainViewController.h */ = {isa = PBXFileReference; lastKnownFileType = sourcecode.c.h; path = ICMainViewController.h; sourceTree = "<group>"; };
		4230FFB51FA565B1008DF37F /* ICMainViewController.m */ = {isa = PBXFileReference; lastKnownFileType = sourcecode.c.objc; path = ICMainViewController.m; sourceTree = "<group>"; };
		4230FFB71FA5F523008DF37F /* ICInputTextView.h */ = {isa = PBXFileReference; lastKnownFileType = sourcecode.c.h; path = ICInputTextView.h; sourceTree = "<group>"; };
		4230FFB81FA5F523008DF37F /* ICInputTextView.m */ = {isa = PBXFileReference; lastKnownFileType = sourcecode.c.objc; path = ICInputTextView.m; sourceTree = "<group>"; };
		4230FFBD1FA5F802008DF37F /* ICHeader.pch */ = {isa = PBXFileReference; lastKnownFileType = sourcecode.c.h; path = ICHeader.pch; sourceTree = "<group>"; };
		4230FFBE1FA5F81C008DF37F /* ICInputProtocol.h */ = {isa = PBXFileReference; lastKnownFileType = sourcecode.c.h; path = ICInputProtocol.h; sourceTree = "<group>"; };
		C03FE56163CEF0A6F383B684 /* Pods-iCome_MacPrj.debug.xcconfig */ = {isa = PBXFileReference; includeInIndex = 1; lastKnownFileType = text.xcconfig; name = "Pods-iCome_MacPrj.debug.xcconfig"; path = "Pods/Target Support Files/Pods-iCome_MacPrj/Pods-iCome_MacPrj.debug.xcconfig"; sourceTree = "<group>"; };
/* End PBXFileReference section */

/* Begin PBXFrameworksBuildPhase section */
		4230FF741FA56249008DF37F /* Frameworks */ = {
			isa = PBXFrameworksBuildPhase;
			buildActionMask = 2147483647;
			files = (
				CFB9E398039397CD0F647423 /* libPods-iCome_MacPrj.a in Frameworks */,
			);
			runOnlyForDeploymentPostprocessing = 0;
		};
		4230FF8A1FA56249008DF37F /* Frameworks */ = {
			isa = PBXFrameworksBuildPhase;
			buildActionMask = 2147483647;
			files = (
			);
			runOnlyForDeploymentPostprocessing = 0;
		};
		4230FF951FA56249008DF37F /* Frameworks */ = {
			isa = PBXFrameworksBuildPhase;
			buildActionMask = 2147483647;
			files = (
			);
			runOnlyForDeploymentPostprocessing = 0;
		};
/* End PBXFrameworksBuildPhase section */

/* Begin PBXGroup section */
		224AB40529A13F939C218FE9 /* Pods */ = {
			isa = PBXGroup;
			children = (
				C03FE56163CEF0A6F383B684 /* Pods-iCome_MacPrj.debug.xcconfig */,
				1B498F73E0AB2D7767E236B1 /* Pods-iCome_MacPrj.release.xcconfig */,
			);
			name = Pods;
			sourceTree = "<group>";
		};
		4230FF6E1FA56249008DF37F = {
			isa = PBXGroup;
			children = (
				4230FF791FA56249008DF37F /* iCome_MacPrj */,
				4230FF901FA56249008DF37F /* iCome_MacPrjTests */,
				4230FF9B1FA56249008DF37F /* iCome_MacPrjUITests */,
				4230FF781FA56249008DF37F /* Products */,
				224AB40529A13F939C218FE9 /* Pods */,
				43BE58B49B8D3F1925DF8E8D /* Frameworks */,
			);
			sourceTree = "<group>";
		};
		4230FF781FA56249008DF37F /* Products */ = {
			isa = PBXGroup;
			children = (
				4230FF771FA56249008DF37F /* iCome_MacPrj.app */,
				4230FF8D1FA56249008DF37F /* iCome_MacPrjTests.xctest */,
				4230FF981FA56249008DF37F /* iCome_MacPrjUITests.xctest */,
			);
			name = Products;
			sourceTree = "<group>";
		};
		4230FF791FA56249008DF37F /* iCome_MacPrj */ = {
			isa = PBXGroup;
			children = (
				4230FFAA1FA5647D008DF37F /* Classes */,
				4230FF7A1FA56249008DF37F /* AppDelegate.h */,
				4230FF7B1FA56249008DF37F /* AppDelegate.m */,
				4230FFB11FA56582008DF37F /* ICWindowController.h */,
				4230FFB21FA56582008DF37F /* ICWindowController.m */,
				4230FFB41FA565B1008DF37F /* ICMainViewController.h */,
				4230FFB51FA565B1008DF37F /* ICMainViewController.m */,
				4230FF801FA56249008DF37F /* Assets.xcassets */,
				4230FF821FA56249008DF37F /* Main.storyboard */,
				4230FF851FA56249008DF37F /* Info.plist */,
				4230FF861FA56249008DF37F /* main.m */,
				4230FFBD1FA5F802008DF37F /* ICHeader.pch */,
				4230FF881FA56249008DF37F /* iCome_MacPrj.entitlements */,
			);
			path = iCome_MacPrj;
			sourceTree = "<group>";
		};
		4230FF901FA56249008DF37F /* iCome_MacPrjTests */ = {
			isa = PBXGroup;
			children = (
				4230FF911FA56249008DF37F /* iCome_MacPrjTests.m */,
				4230FF931FA56249008DF37F /* Info.plist */,
			);
			path = iCome_MacPrjTests;
			sourceTree = "<group>";
		};
		4230FF9B1FA56249008DF37F /* iCome_MacPrjUITests */ = {
			isa = PBXGroup;
			children = (
				4230FF9C1FA56249008DF37F /* iCome_MacPrjUITests.m */,
				4230FF9E1FA56249008DF37F /* Info.plist */,
			);
			path = iCome_MacPrjUITests;
			sourceTree = "<group>";
		};
		4230FFAA1FA5647D008DF37F /* Classes */ = {
			isa = PBXGroup;
			children = (
				4230FFBA1FA5F543008DF37F /* Protocol */,
				4230FFAD1FA5649F008DF37F /* Controller */,
				4230FFAC1FA56498008DF37F /* View */,
				4230FFAB1FA5648E008DF37F /* Model */,
			);
			path = Classes;
			sourceTree = "<group>";
		};
		4230FFAB1FA5648E008DF37F /* Model */ = {
			isa = PBXGroup;
			children = (
			);
			path = Model;
			sourceTree = "<group>";
		};
		4230FFAC1FA56498008DF37F /* View */ = {
			isa = PBXGroup;
			children = (
				4230FFB71FA5F523008DF37F /* ICInputTextView.h */,
				4230FFB81FA5F523008DF37F /* ICInputTextView.m */,
			);
			path = View;
			sourceTree = "<group>";
		};
		4230FFAD1FA5649F008DF37F /* Controller */ = {
			isa = PBXGroup;
			children = (
				4230FFAE1FA5651F008DF37F /* ICLogInViewController.h */,
				4230FFAF1FA5651F008DF37F /* ICLogInViewController.m */,
			);
			path = Controller;
			sourceTree = "<group>";
		};
		4230FFBA1FA5F543008DF37F /* Protocol */ = {
			isa = PBXGroup;
			children = (
				4230FFBE1FA5F81C008DF37F /* ICInputProtocol.h */,
			);
			path = Protocol;
			sourceTree = "<group>";
		};
		43BE58B49B8D3F1925DF8E8D /* Frameworks */ = {
			isa = PBXGroup;
			children = (
				236A58750EA3B37611B559DD /* libPods-iCome_MacPrj.a */,
			);
			name = Frameworks;
			sourceTree = "<group>";
		};
/* End PBXGroup section */

/* Begin PBXNativeTarget section */
		4230FF761FA56249008DF37F /* iCome_MacPrj */ = {
			isa = PBXNativeTarget;
			buildConfigurationList = 4230FFA11FA56249008DF37F /* Build configuration list for PBXNativeTarget "iCome_MacPrj" */;
			buildPhases = (
				5E603233FF38A526867886CF /* [CP] Check Pods Manifest.lock */,
				4230FF731FA56249008DF37F /* Sources */,
				4230FF741FA56249008DF37F /* Frameworks */,
				4230FF751FA56249008DF37F /* Resources */,
				A0D7685C1C4F95652F430060 /* [CP] Embed Pods Frameworks */,
				119CE5BCC89507114ECE1B9B /* [CP] Copy Pods Resources */,
			);
			buildRules = (
			);
			dependencies = (
			);
			name = iCome_MacPrj;
			productName = iCome_MacPrj;
			productReference = 4230FF771FA56249008DF37F /* iCome_MacPrj.app */;
			productType = "com.apple.product-type.application";
		};
		4230FF8C1FA56249008DF37F /* iCome_MacPrjTests */ = {
			isa = PBXNativeTarget;
			buildConfigurationList = 4230FFA41FA56249008DF37F /* Build configuration list for PBXNativeTarget "iCome_MacPrjTests" */;
			buildPhases = (
				4230FF891FA56249008DF37F /* Sources */,
				4230FF8A1FA56249008DF37F /* Frameworks */,
				4230FF8B1FA56249008DF37F /* Resources */,
			);
			buildRules = (
			);
			dependencies = (
				4230FF8F1FA56249008DF37F /* PBXTargetDependency */,
			);
			name = iCome_MacPrjTests;
			productName = iCome_MacPrjTests;
			productReference = 4230FF8D1FA56249008DF37F /* iCome_MacPrjTests.xctest */;
			productType = "com.apple.product-type.bundle.unit-test";
		};
		4230FF971FA56249008DF37F /* iCome_MacPrjUITests */ = {
			isa = PBXNativeTarget;
			buildConfigurationList = 4230FFA71FA56249008DF37F /* Build configuration list for PBXNativeTarget "iCome_MacPrjUITests" */;
			buildPhases = (
				4230FF941FA56249008DF37F /* Sources */,
				4230FF951FA56249008DF37F /* Frameworks */,
				4230FF961FA56249008DF37F /* Resources */,
			);
			buildRules = (
			);
			dependencies = (
				4230FF9A1FA56249008DF37F /* PBXTargetDependency */,
			);
			name = iCome_MacPrjUITests;
			productName = iCome_MacPrjUITests;
			productReference = 4230FF981FA56249008DF37F /* iCome_MacPrjUITests.xctest */;
			productType = "com.apple.product-type.bundle.ui-testing";
		};
/* End PBXNativeTarget section */

/* Begin PBXProject section */
		4230FF6F1FA56249008DF37F /* Project object */ = {
			isa = PBXProject;
			attributes = {
				LastUpgradeCheck = 0900;
				ORGANIZATIONNAME = ENN;
				TargetAttributes = {
					4230FF761FA56249008DF37F = {
						CreatedOnToolsVersion = 9.0;
						ProvisioningStyle = Automatic;
					};
					4230FF8C1FA56249008DF37F = {
						CreatedOnToolsVersion = 9.0;
						ProvisioningStyle = Automatic;
						TestTargetID = 4230FF761FA56249008DF37F;
					};
					4230FF971FA56249008DF37F = {
						CreatedOnToolsVersion = 9.0;
						ProvisioningStyle = Automatic;
						TestTargetID = 4230FF761FA56249008DF37F;
					};
				};
			};
			buildConfigurationList = 4230FF721FA56249008DF37F /* Build configuration list for PBXProject "iCome_MacPrj" */;
			compatibilityVersion = "Xcode 8.0";
			developmentRegion = en;
			hasScannedForEncodings = 0;
			knownRegions = (
				en,
				Base,
			);
			mainGroup = 4230FF6E1FA56249008DF37F;
			productRefGroup = 4230FF781FA56249008DF37F /* Products */;
			projectDirPath = "";
			projectRoot = "";
			targets = (
				4230FF761FA56249008DF37F /* iCome_MacPrj */,
				4230FF8C1FA56249008DF37F /* iCome_MacPrjTests */,
				4230FF971FA56249008DF37F /* iCome_MacPrjUITests */,
			);
		};
/* End PBXProject section */

/* Begin PBXResourcesBuildPhase section */
		4230FF751FA56249008DF37F /* Resources */ = {
			isa = PBXResourcesBuildPhase;
			buildActionMask = 2147483647;
			files = (
				4230FF811FA56249008DF37F /* Assets.xcassets in Resources */,
				4230FF841FA56249008DF37F /* Main.storyboard in Resources */,
			);
			runOnlyForDeploymentPostprocessing = 0;
		};
		4230FF8B1FA56249008DF37F /* Resources */ = {
			isa = PBXResourcesBuildPhase;
			buildActionMask = 2147483647;
			files = (
			);
			runOnlyForDeploymentPostprocessing = 0;
		};
		4230FF961FA56249008DF37F /* Resources */ = {
			isa = PBXResourcesBuildPhase;
			buildActionMask = 2147483647;
			files = (
			);
			runOnlyForDeploymentPostprocessing = 0;
		};
/* End PBXResourcesBuildPhase section */

/* Begin PBXShellScriptBuildPhase section */
		119CE5BCC89507114ECE1B9B /* [CP] Copy Pods Resources */ = {
			isa = PBXShellScriptBuildPhase;
			buildActionMask = 2147483647;
			files = (
			);
			inputPaths = (
			);
			name = "[CP] Copy Pods Resources";
			outputPaths = (
			);
			runOnlyForDeploymentPostprocessing = 0;
			shellPath = /bin/sh;
			shellScript = "\"${SRCROOT}/Pods/Target Support Files/Pods-iCome_MacPrj/Pods-iCome_MacPrj-resources.sh\"\n";
			showEnvVarsInLog = 0;
		};
		5E603233FF38A526867886CF /* [CP] Check Pods Manifest.lock */ = {
			isa = PBXShellScriptBuildPhase;
			buildActionMask = 2147483647;
			files = (
			);
			inputPaths = (
				"${PODS_PODFILE_DIR_PATH}/Podfile.lock",
				"${PODS_ROOT}/Manifest.lock",
			);
			name = "[CP] Check Pods Manifest.lock";
			outputPaths = (
				"$(DERIVED_FILE_DIR)/Pods-iCome_MacPrj-checkManifestLockResult.txt",
			);
			runOnlyForDeploymentPostprocessing = 0;
			shellPath = /bin/sh;
			shellScript = "diff \"${PODS_PODFILE_DIR_PATH}/Podfile.lock\" \"${PODS_ROOT}/Manifest.lock\" > /dev/null\nif [ $? != 0 ] ; then\n    # print error to STDERR\n    echo \"error: The sandbox is not in sync with the Podfile.lock. Run 'pod install' or update your CocoaPods installation.\" >&2\n    exit 1\nfi\n# This output is used by Xcode 'outputs' to avoid re-running this script phase.\necho \"SUCCESS\" > \"${SCRIPT_OUTPUT_FILE_0}\"\n";
			showEnvVarsInLog = 0;
		};
		A0D7685C1C4F95652F430060 /* [CP] Embed Pods Frameworks */ = {
			isa = PBXShellScriptBuildPhase;
			buildActionMask = 2147483647;
			files = (
			);
			inputPaths = (
			);
			name = "[CP] Embed Pods Frameworks";
			outputPaths = (
			);
			runOnlyForDeploymentPostprocessing = 0;
			shellPath = /bin/sh;
			shellScript = "\"${SRCROOT}/Pods/Target Support Files/Pods-iCome_MacPrj/Pods-iCome_MacPrj-frameworks.sh\"\n";
			showEnvVarsInLog = 0;
		};
/* End PBXShellScriptBuildPhase section */

/* Begin PBXSourcesBuildPhase section */
		4230FF731FA56249008DF37F /* Sources */ = {
			isa = PBXSourcesBuildPhase;
			buildActionMask = 2147483647;
			files = (
				4230FFB31FA56582008DF37F /* ICWindowController.m in Sources */,
				4230FFB61FA565B1008DF37F /* ICMainViewController.m in Sources */,
				4230FFB91FA5F523008DF37F /* ICInputTextView.m in Sources */,
				4230FF871FA56249008DF37F /* main.m in Sources */,
				4230FFB01FA5651F008DF37F /* ICLogInViewController.m in Sources */,
				4230FF7C1FA56249008DF37F /* AppDelegate.m in Sources */,
			);
			runOnlyForDeploymentPostprocessing = 0;
		};
		4230FF891FA56249008DF37F /* Sources */ = {
			isa = PBXSourcesBuildPhase;
			buildActionMask = 2147483647;
			files = (
				4230FF921FA56249008DF37F /* iCome_MacPrjTests.m in Sources */,
			);
			runOnlyForDeploymentPostprocessing = 0;
		};
		4230FF941FA56249008DF37F /* Sources */ = {
			isa = PBXSourcesBuildPhase;
			buildActionMask = 2147483647;
			files = (
				4230FF9D1FA56249008DF37F /* iCome_MacPrjUITests.m in Sources */,
			);
			runOnlyForDeploymentPostprocessing = 0;
		};
/* End PBXSourcesBuildPhase section */

/* Begin PBXTargetDependency section */
		4230FF8F1FA56249008DF37F /* PBXTargetDependency */ = {
			isa = PBXTargetDependency;
			target = 4230FF761FA56249008DF37F /* iCome_MacPrj */;
			targetProxy = 4230FF8E1FA56249008DF37F /* PBXContainerItemProxy */;
		};
		4230FF9A1FA56249008DF37F /* PBXTargetDependency */ = {
			isa = PBXTargetDependency;
			target = 4230FF761FA56249008DF37F /* iCome_MacPrj */;
			targetProxy = 4230FF991FA56249008DF37F /* PBXContainerItemProxy */;
		};
/* End PBXTargetDependency section */

/* Begin PBXVariantGroup section */
		4230FF821FA56249008DF37F /* Main.storyboard */ = {
			isa = PBXVariantGroup;
			children = (
				4230FF831FA56249008DF37F /* Base */,
			);
			name = Main.storyboard;
			sourceTree = "<group>";
		};
/* End PBXVariantGroup section */

/* Begin XCBuildConfiguration section */
		4230FF9F1FA56249008DF37F /* Debug */ = {
			isa = XCBuildConfiguration;
			buildSettings = {
				ALWAYS_SEARCH_USER_PATHS = NO;
				CLANG_ANALYZER_NONNULL = YES;
				CLANG_ANALYZER_NUMBER_OBJECT_CONVERSION = YES_AGGRESSIVE;
				CLANG_CXX_LANGUAGE_STANDARD = "gnu++14";
				CLANG_CXX_LIBRARY = "libc++";
				CLANG_ENABLE_MODULES = YES;
				CLANG_ENABLE_OBJC_ARC = YES;
				CLANG_WARN_BLOCK_CAPTURE_AUTORELEASING = YES;
				CLANG_WARN_BOOL_CONVERSION = YES;
				CLANG_WARN_COMMA = YES;
				CLANG_WARN_CONSTANT_CONVERSION = YES;
				CLANG_WARN_DIRECT_OBJC_ISA_USAGE = YES_ERROR;
				CLANG_WARN_DOCUMENTATION_COMMENTS = YES;
				CLANG_WARN_EMPTY_BODY = YES;
				CLANG_WARN_ENUM_CONVERSION = YES;
				CLANG_WARN_INFINITE_RECURSION = YES;
				CLANG_WARN_INT_CONVERSION = YES;
				CLANG_WARN_NON_LITERAL_NULL_CONVERSION = YES;
				CLANG_WARN_OBJC_LITERAL_CONVERSION = YES;
				CLANG_WARN_OBJC_ROOT_CLASS = YES_ERROR;
				CLANG_WARN_RANGE_LOOP_ANALYSIS = YES;
				CLANG_WARN_STRICT_PROTOTYPES = YES;
				CLANG_WARN_SUSPICIOUS_MOVE = YES;
				CLANG_WARN_UNGUARDED_AVAILABILITY = YES_AGGRESSIVE;
				CLANG_WARN_UNREACHABLE_CODE = YES;
				CLANG_WARN__DUPLICATE_METHOD_MATCH = YES;
				CODE_SIGN_IDENTITY = "Mac Developer";
				COPY_PHASE_STRIP = NO;
				DEBUG_INFORMATION_FORMAT = dwarf;
				ENABLE_STRICT_OBJC_MSGSEND = YES;
				ENABLE_TESTABILITY = YES;
				GCC_C_LANGUAGE_STANDARD = gnu11;
				GCC_DYNAMIC_NO_PIC = NO;
				GCC_NO_COMMON_BLOCKS = YES;
				GCC_OPTIMIZATION_LEVEL = 0;
				GCC_PREPROCESSOR_DEFINITIONS = (
					"DEBUG=1",
					"$(inherited)",
				);
				GCC_WARN_64_TO_32_BIT_CONVERSION = YES;
				GCC_WARN_ABOUT_RETURN_TYPE = YES_ERROR;
				GCC_WARN_UNDECLARED_SELECTOR = YES;
				GCC_WARN_UNINITIALIZED_AUTOS = YES_AGGRESSIVE;
				GCC_WARN_UNUSED_FUNCTION = YES;
				GCC_WARN_UNUSED_VARIABLE = YES;
				MACOSX_DEPLOYMENT_TARGET = 10.12;
				MTL_ENABLE_DEBUG_INFO = YES;
				ONLY_ACTIVE_ARCH = YES;
				SDKROOT = macosx;
			};
			name = Debug;
		};
		4230FFA01FA56249008DF37F /* Release */ = {
			isa = XCBuildConfiguration;
			buildSettings = {
				ALWAYS_SEARCH_USER_PATHS = NO;
				CLANG_ANALYZER_NONNULL = YES;
				CLANG_ANALYZER_NUMBER_OBJECT_CONVERSION = YES_AGGRESSIVE;
				CLANG_CXX_LANGUAGE_STANDARD = "gnu++14";
				CLANG_CXX_LIBRARY = "libc++";
				CLANG_ENABLE_MODULES = YES;
				CLANG_ENABLE_OBJC_ARC = YES;
				CLANG_WARN_BLOCK_CAPTURE_AUTORELEASING = YES;
				CLANG_WARN_BOOL_CONVERSION = YES;
				CLANG_WARN_COMMA = YES;
				CLANG_WARN_CONSTANT_CONVERSION = YES;
				CLANG_WARN_DIRECT_OBJC_ISA_USAGE = YES_ERROR;
				CLANG_WARN_DOCUMENTATION_COMMENTS = YES;
				CLANG_WARN_EMPTY_BODY = YES;
				CLANG_WARN_ENUM_CONVERSION = YES;
				CLANG_WARN_INFINITE_RECURSION = YES;
				CLANG_WARN_INT_CONVERSION = YES;
				CLANG_WARN_NON_LITERAL_NULL_CONVERSION = YES;
				CLANG_WARN_OBJC_LITERAL_CONVERSION = YES;
				CLANG_WARN_OBJC_ROOT_CLASS = YES_ERROR;
				CLANG_WARN_RANGE_LOOP_ANALYSIS = YES;
				CLANG_WARN_STRICT_PROTOTYPES = YES;
				CLANG_WARN_SUSPICIOUS_MOVE = YES;
				CLANG_WARN_UNGUARDED_AVAILABILITY = YES_AGGRESSIVE;
				CLANG_WARN_UNREACHABLE_CODE = YES;
				CLANG_WARN__DUPLICATE_METHOD_MATCH = YES;
				CODE_SIGN_IDENTITY = "Mac Developer";
				COPY_PHASE_STRIP = NO;
				DEBUG_INFORMATION_FORMAT = "dwarf-with-dsym";
				ENABLE_NS_ASSERTIONS = NO;
				ENABLE_STRICT_OBJC_MSGSEND = YES;
				GCC_C_LANGUAGE_STANDARD = gnu11;
				GCC_NO_COMMON_BLOCKS = YES;
				GCC_WARN_64_TO_32_BIT_CONVERSION = YES;
				GCC_WARN_ABOUT_RETURN_TYPE = YES_ERROR;
				GCC_WARN_UNDECLARED_SELECTOR = YES;
				GCC_WARN_UNINITIALIZED_AUTOS = YES_AGGRESSIVE;
				GCC_WARN_UNUSED_FUNCTION = YES;
				GCC_WARN_UNUSED_VARIABLE = YES;
				MACOSX_DEPLOYMENT_TARGET = 10.12;
				MTL_ENABLE_DEBUG_INFO = NO;
				SDKROOT = macosx;
			};
			name = Release;
		};
		4230FFA21FA56249008DF37F /* Debug */ = {
			isa = XCBuildConfiguration;
			baseConfigurationReference = C03FE56163CEF0A6F383B684 /* Pods-iCome_MacPrj.debug.xcconfig */;
			buildSettings = {
				ASSETCATALOG_COMPILER_APPICON_NAME = AppIcon;
				CODE_SIGN_ENTITLEMENTS = iCome_MacPrj/iCome_MacPrj.entitlements;
				CODE_SIGN_STYLE = Automatic;
				COMBINE_HIDPI_IMAGES = YES;
				DEVELOPMENT_TEAM = HXA3E8963G;
				INFOPLIST_FILE = iCome_MacPrj/Info.plist;
				LD_RUNPATH_SEARCH_PATHS = "$(inherited) @executable_path/../Frameworks";
				PRODUCT_BUNDLE_IDENTIFIER = "ENN.iCome-MacPrj";
				PRODUCT_NAME = "$(TARGET_NAME)";
			};
			name = Debug;
		};
		4230FFA31FA56249008DF37F /* Release */ = {
			isa = XCBuildConfiguration;
			baseConfigurationReference = 1B498F73E0AB2D7767E236B1 /* Pods-iCome_MacPrj.release.xcconfig */;
			buildSettings = {
				ASSETCATALOG_COMPILER_APPICON_NAME = AppIcon;
				CODE_SIGN_ENTITLEMENTS = iCome_MacPrj/iCome_MacPrj.entitlements;
				CODE_SIGN_STYLE = Automatic;
				COMBINE_HIDPI_IMAGES = YES;
				DEVELOPMENT_TEAM = HXA3E8963G;
				INFOPLIST_FILE = iCome_MacPrj/Info.plist;
				LD_RUNPATH_SEARCH_PATHS = "$(inherited) @executable_path/../Frameworks";
				PRODUCT_BUNDLE_IDENTIFIER = "ENN.iCome-MacPrj";
				PRODUCT_NAME = "$(TARGET_NAME)";
			};
			name = Release;
		};
		4230FFA51FA56249008DF37F /* Debug */ = {
			isa = XCBuildConfiguration;
			buildSettings = {
				BUNDLE_LOADER = "$(TEST_HOST)";
				CODE_SIGN_STYLE = Automatic;
				COMBINE_HIDPI_IMAGES = YES;
				DEVELOPMENT_TEAM = HXA3E8963G;
				INFOPLIST_FILE = iCome_MacPrjTests/Info.plist;
				LD_RUNPATH_SEARCH_PATHS = "$(inherited) @executable_path/../Frameworks @loader_path/../Frameworks";
				PRODUCT_BUNDLE_IDENTIFIER = "ENN.iCome-MacPrjTests";
				PRODUCT_NAME = "$(TARGET_NAME)";
				TEST_HOST = "$(BUILT_PRODUCTS_DIR)/iCome_MacPrj.app/Contents/MacOS/iCome_MacPrj";
			};
			name = Debug;
		};
		4230FFA61FA56249008DF37F /* Release */ = {
			isa = XCBuildConfiguration;
			buildSettings = {
				BUNDLE_LOADER = "$(TEST_HOST)";
				CODE_SIGN_STYLE = Automatic;
				COMBINE_HIDPI_IMAGES = YES;
				DEVELOPMENT_TEAM = HXA3E8963G;
				INFOPLIST_FILE = iCome_MacPrjTests/Info.plist;
				LD_RUNPATH_SEARCH_PATHS = "$(inherited) @executable_path/../Frameworks @loader_path/../Frameworks";
				PRODUCT_BUNDLE_IDENTIFIER = "ENN.iCome-MacPrjTests";
				PRODUCT_NAME = "$(TARGET_NAME)";
				TEST_HOST = "$(BUILT_PRODUCTS_DIR)/iCome_MacPrj.app/Contents/MacOS/iCome_MacPrj";
			};
			name = Release;
		};
		4230FFA81FA56249008DF37F /* Debug */ = {
			isa = XCBuildConfiguration;
			buildSettings = {
				CODE_SIGN_STYLE = Automatic;
				COMBINE_HIDPI_IMAGES = YES;
				DEVELOPMENT_TEAM = HXA3E8963G;
				INFOPLIST_FILE = iCome_MacPrjUITests/Info.plist;
				LD_RUNPATH_SEARCH_PATHS = "$(inherited) @executable_path/../Frameworks @loader_path/../Frameworks";
				PRODUCT_BUNDLE_IDENTIFIER = "ENN.iCome-MacPrjUITests";
				PRODUCT_NAME = "$(TARGET_NAME)";
				TEST_TARGET_NAME = iCome_MacPrj;
			};
			name = Debug;
		};
		4230FFA91FA56249008DF37F /* Release */ = {
			isa = XCBuildConfiguration;
			buildSettings = {
				CODE_SIGN_STYLE = Automatic;
				COMBINE_HIDPI_IMAGES = YES;
				DEVELOPMENT_TEAM = HXA3E8963G;
				INFOPLIST_FILE = iCome_MacPrjUITests/Info.plist;
				LD_RUNPATH_SEARCH_PATHS = "$(inherited) @executable_path/../Frameworks @loader_path/../Frameworks";
				PRODUCT_BUNDLE_IDENTIFIER = "ENN.iCome-MacPrjUITests";
				PRODUCT_NAME = "$(TARGET_NAME)";
				TEST_TARGET_NAME = iCome_MacPrj;
			};
			name = Release;
		};
/* End XCBuildConfiguration section */

/* Begin XCConfigurationList section */
		4230FF721FA56249008DF37F /* Build configuration list for PBXProject "iCome_MacPrj" */ = {
			isa = XCConfigurationList;
			buildConfigurations = (
				4230FF9F1FA56249008DF37F /* Debug */,
				4230FFA01FA56249008DF37F /* Release */,
			);
			defaultConfigurationIsVisible = 0;
			defaultConfigurationName = Release;
		};
		4230FFA11FA56249008DF37F /* Build configuration list for PBXNativeTarget "iCome_MacPrj" */ = {
			isa = XCConfigurationList;
			buildConfigurations = (
				4230FFA21FA56249008DF37F /* Debug */,
				4230FFA31FA56249008DF37F /* Release */,
			);
			defaultConfigurationIsVisible = 0;
			defaultConfigurationName = Release;
		};
		4230FFA41FA56249008DF37F /* Build configuration list for PBXNativeTarget "iCome_MacPrjTests" */ = {
			isa = XCConfigurationList;
			buildConfigurations = (
				4230FFA51FA56249008DF37F /* Debug */,
				4230FFA61FA56249008DF37F /* Release */,
			);
			defaultConfigurationIsVisible = 0;
			defaultConfigurationName = Release;
		};
		4230FFA71FA56249008DF37F /* Build configuration list for PBXNativeTarget "iCome_MacPrjUITests" */ = {
			isa = XCConfigurationList;
			buildConfigurations = (
				4230FFA81FA56249008DF37F /* Debug */,
				4230FFA91FA56249008DF37F /* Release */,
			);
			defaultConfigurationIsVisible = 0;
			defaultConfigurationName = Release;
		};
/* End XCConfigurationList section */
	};
	rootObject = 4230FF6F1FA56249008DF37F /* Project object */;
}
